
Microsoft Visual Studio Solution File, Format Version 12.00
# Visual Studio Version 17
VisualStudioVersion = 17.0.31717.71
MinimumVisualStudioVersion = 10.0.40219.1
Project("{9A19103F-16F7-4668-BE54-9A1E7A4F7556}") = "Havesh.Silo", "Havesh.Silo.csproj", "{037920E5-C252-4352-8757-B72A7848D448}"
EndProject
Global
	GlobalSection(SolutionConfigurationPlatforms) = preSolution
		Debug|Any CPU = Debug|Any CPU
		Release|Any CPU = Release|Any CPU
	EndGlobalSection
	GlobalSection(ProjectConfigurationPlatforms) = postSolution
		{037920E5-C252-4352-8757-B72A7848D448}.Debug|Any CPU.ActiveCfg = Debug|Any CPU
		{037920E5-C252-4352-8757-B72A7848D448}.Debug|Any CPU.Build.0 = Debug|Any CPU
		{037920E5-C252-4352-8757-B72A7848D448}.Release|Any CPU.ActiveCfg = Release|Any CPU
		{037920E5-C252-4352-8757-B72A7848D448}.Release|Any CPU.Build.0 = Release|Any CPU
	EndGlobalSection
	GlobalSection(SolutionProperties) = preSolution
		HideSolutionNode = FALSE
	EndGlobalSection
	GlobalSection(ExtensibilityGlobals) = postSolution
		SolutionGuid = {B9EE792E-E89F-421E-AAAC-0C8E7364F193}
	EndGlobalSection
EndGlobal